
Microsoft Visual Studio Solution File, Format Version 12.00
# Visual Studio Version 16
VisualStudioVersion = 16.0.31515.178
MinimumVisualStudioVersion = 10.0.40219.1
Project("{FAE04EC0-301F-11D3-BF4B-00C04F79EFBC}") = "Treino1", "Treino1.csproj", "{84E22962-C244-4448-85A6-903BC186F11D}"
EndProject
Global
	GlobalSection(SolutionConfigurationPlatforms) = preSolution
		Debug|Any CPU = Debug|Any CPU
		Release|Any CPU = Release|Any CPU
	EndGlobalSection
	GlobalSection(ProjectConfigurationPlatforms) = postSolution
		{84E22962-C244-4448-85A6-903BC186F11D}.Debug|Any CPU.ActiveCfg = Debug|Any CPU
		{84E22962-C244-4448-85A6-903BC186F11D}.Debug|Any CPU.Build.0 = Debug|Any CPU
		{84E22962-C244-4448-85A6-903BC186F11D}.Release|Any CPU.ActiveCfg = Release|Any CPU
		{84E22962-C244-4448-85A6-903BC186F11D}.Release|Any CPU.Build.0 = Release|Any CPU
	EndGlobalSection
	GlobalSection(SolutionProperties) = preSolution
		HideSolutionNode = FALSE
	EndGlobalSection
	GlobalSection(ExtensibilityGlobals) = postSolution
		SolutionGuid = {40C154EA-2C31-450F-83F4-0C6A9CD6253E}
	EndGlobalSection
EndGlobal
